
Microsoft Visual Studio Solution File, Format Version 11.00
# Visual Studio 2010
Project("{FAE04EC0-301F-11D3-BF4B-00C04F79EFBC}") = "UnityEngine.TestRunner", "UnityEngine.TestRunner.csproj", "{ba52988f-2911-bbb9-4f34-b07877c837ec}"
EndProject
Project("{FAE04EC0-301F-11D3-BF4B-00C04F79EFBC}") = "UnityEngine.UI", "UnityEngine.UI.csproj", "{3bcdc2b2-fef3-7dd9-30b9-df2ffa922965}"
EndProject
Project("{FAE04EC0-301F-11D3-BF4B-00C04F79EFBC}") = "Unity.VisualScripting.Flow", "Unity.VisualScripting.Flow.csproj", "{5ce40b4b-e2a6-ae6f-7d79-4d60673c441c}"
EndProject
Project("{FAE04EC0-301F-11D3-BF4B-00C04F79EFBC}") = "Unity.Services.Core.Telemetry", "Unity.Services.Core.Telemetry.csproj", "{4a0e889d-310b-6334-1d78-f9d21e0c1bca}"
EndProject
Project("{FAE04EC0-301F-11D3-BF4B-00C04F79EFBC}") = "Unity.VisualScripting.State", "Unity.VisualScripting.State.csproj", "{a45e5884-7cd1-f0ed-ef7c-5c61cb923609}"
EndProject
Project("{FAE04EC0-301F-11D3-BF4B-00C04F79EFBC}") = "Unity.VisualScripting.Core", "Unity.VisualScripting.Core.csproj", "{65faa013-bed5-e231-3417-c82277ae25a6}"
EndProject
Project("{FAE04EC0-301F-11D3-BF4B-00C04F79EFBC}") = "Unity.Postprocessing.Runtime", "Unity.Postprocessing.Runtime.csproj", "{bc9114da-ce14-afaf-8a70-c7c90aa259ad}"
EndProject
Project("{FAE04EC0-301F-11D3-BF4B-00C04F79EFBC}") = "Unity.Services.Core.Environments.Internal", "Unity.Services.Core.Environments.Internal.csproj", "{65500c79-39e8-f95f-1559-cd4c91012958}"
EndProject
Project("{FAE04EC0-301F-11D3-BF4B-00C04F79EFBC}") = "Unity.TextMeshPro", "Unity.TextMeshPro.csproj", "{c7d34c3e-31c8-f18d-680c-48c7b73fcc32}"
EndProject
Project("{FAE04EC0-301F-11D3-BF4B-00C04F79EFBC}") = "Unity.Timeline", "Unity.Timeline.csproj", "{cccbd86c-4c47-64a0-0421-b2dea47c6588}"
EndProject
Project("{FAE04EC0-301F-11D3-BF4B-00C04F79EFBC}") = "Unity.Services.Core.Environments", "Unity.Services.Core.Environments.csproj", "{17af8695-2a62-ac38-6933-755b28982d03}"
EndProject
Project("{FAE04EC0-301F-11D3-BF4B-00C04F79EFBC}") = "Unity.Services.Core.Internal", "Unity.Services.Core.Internal.csproj", "{433867ce-5bcb-3209-2a81-08097ec00971}"
EndProject
Project("{FAE04EC0-301F-11D3-BF4B-00C04F79EFBC}") = "Unity.Services.Core.Analytics", "Unity.Services.Core.Analytics.csproj", "{8cbe7ec9-c1dd-2c1e-96ee-5d00f86a28f1}"
EndProject
Project("{FAE04EC0-301F-11D3-BF4B-00C04F79EFBC}") = "Unity.Services.Core.Scheduler", "Unity.Services.Core.Scheduler.csproj", "{1166ed63-557e-cb21-9a46-7bcd0f89fd6b}"
EndProject
Project("{FAE04EC0-301F-11D3-BF4B-00C04F79EFBC}") = "Unity.Services.Core.Registration", "Unity.Services.Core.Registration.csproj", "{d157aa71-ba77-d317-9a5c-dec635938f29}"
EndProject
Project("{FAE04EC0-301F-11D3-BF4B-00C04F79EFBC}") = "Unity.Services.Core.Device", "Unity.Services.Core.Device.csproj", "{a2f8401f-4d3e-f264-7acc-da6f41aff45e}"
EndProject
Project("{FAE04EC0-301F-11D3-BF4B-00C04F79EFBC}") = "Unity.Services.Core.Threading", "Unity.Services.Core.Threading.csproj", "{24b76e9b-19fc-bc80-5aac-507376f30d1c}"
EndProject
Project("{FAE04EC0-301F-11D3-BF4B-00C04F79EFBC}") = "Unity.Services.Core.Networking", "Unity.Services.Core.Networking.csproj", "{26ac6619-ff89-809a-a98c-b19840f9fc94}"
EndProject
Project("{FAE04EC0-301F-11D3-BF4B-00C04F79EFBC}") = "Unity.Services.Core", "Unity.Services.Core.csproj", "{268d73a1-612e-cd51-0bee-4a159c03045e}"
EndProject
Project("{FAE04EC0-301F-11D3-BF4B-00C04F79EFBC}") = "Assembly-CSharp", "Assembly-CSharp.csproj", "{5e0d3368-e11e-24c6-4f59-59037afb92fa}"
EndProject
Project("{FAE04EC0-301F-11D3-BF4B-00C04F79EFBC}") = "Unity.Services.Core.Configuration", "Unity.Services.Core.Configuration.csproj", "{b7f45d0d-e467-2b41-3d4c-612cebc0fb46}"
EndProject
Project("{FAE04EC0-301F-11D3-BF4B-00C04F79EFBC}") = "Unity.PlasticSCM.Editor", "Unity.PlasticSCM.Editor.csproj", "{c674d095-5835-0f18-5788-e148c93b1e42}"
EndProject
Project("{FAE04EC0-301F-11D3-BF4B-00C04F79EFBC}") = "Unity.VisualScripting.Core.Editor", "Unity.VisualScripting.Core.Editor.csproj", "{c2a3f64a-e410-8399-7b78-dfaca836363f}"
EndProject
Project("{FAE04EC0-301F-11D3-BF4B-00C04F79EFBC}") = "Unity.VisualScripting.Flow.Editor", "Unity.VisualScripting.Flow.Editor.csproj", "{1b0b1c56-9d24-f4b0-cc87-88453bd8ad76}"
EndProject
Project("{FAE04EC0-301F-11D3-BF4B-00C04F79EFBC}") = "Unity.VisualStudio.Editor", "Unity.VisualStudio.Editor.csproj", "{b3bd7864-59c2-87df-23b0-d889f2be26de}"
EndProject
Project("{FAE04EC0-301F-11D3-BF4B-00C04F79EFBC}") = "Unity.Timeline.Editor", "Unity.Timeline.Editor.csproj", "{6ec22db0-5ad8-b2f8-e685-8525e7c09626}"
EndProject
Project("{FAE04EC0-301F-11D3-BF4B-00C04F79EFBC}") = "Unity.VisualScripting.State.Editor", "Unity.VisualScripting.State.Editor.csproj", "{35dd13b6-b099-3f44-dd3d-90add7456fa4}"
EndProject
Project("{FAE04EC0-301F-11D3-BF4B-00C04F79EFBC}") = "Unity.TextMeshPro.Editor", "Unity.TextMeshPro.Editor.csproj", "{c5239a3b-77ac-accf-0b57-c762eeec91b5}"
EndProject
Project("{FAE04EC0-301F-11D3-BF4B-00C04F79EFBC}") = "Unity.VisualScripting.SettingsProvider.Editor", "Unity.VisualScripting.SettingsProvider.Editor.csproj", "{512e0a28-6b86-e1b8-3523-9c75c25ef4f5}"
EndProject
Project("{FAE04EC0-301F-11D3-BF4B-00C04F79EFBC}") = "Unity.CollabProxy.Editor", "Unity.CollabProxy.Editor.csproj", "{f07bb6f6-b76b-5325-5d6e-24c541a1e706}"
EndProject
Project("{FAE04EC0-301F-11D3-BF4B-00C04F79EFBC}") = "Unity.Postprocessing.Editor", "Unity.Postprocessing.Editor.csproj", "{7e2a02f5-63c0-aa4b-6211-3e7723009cb8}"
EndProject
Project("{FAE04EC0-301F-11D3-BF4B-00C04F79EFBC}") = "UnityEditor.TestRunner", "UnityEditor.TestRunner.csproj", "{af3e1a73-953a-7a68-6ace-39696253b5fc}"
EndProject
Project("{FAE04EC0-301F-11D3-BF4B-00C04F79EFBC}") = "Unity.Services.Core.Editor", "Unity.Services.Core.Editor.csproj", "{f7f06c51-afd7-c2fa-0407-7b5cc383eb3f}"
EndProject
Project("{FAE04EC0-301F-11D3-BF4B-00C04F79EFBC}") = "Unity.TestTools.CodeCoverage.Editor", "Unity.TestTools.CodeCoverage.Editor.csproj", "{9e148c30-2f9f-af2c-ad84-99e29c29959a}"
EndProject
Project("{FAE04EC0-301F-11D3-BF4B-00C04F79EFBC}") = "Unity.Rider.Editor", "Unity.Rider.Editor.csproj", "{6992cd03-2f61-5253-70d9-10767d7898cd}"
EndProject
Project("{FAE04EC0-301F-11D3-BF4B-00C04F79EFBC}") = "Unity.Performance.Profile-Analyzer.Editor", "Unity.Performance.Profile-Analyzer.Editor.csproj", "{c5c6c00a-cfd8-0d79-0eea-fc8ef9baba06}"
EndProject
Project("{FAE04EC0-301F-11D3-BF4B-00C04F79EFBC}") = "Unity.VSCode.Editor", "Unity.VSCode.Editor.csproj", "{5fde2724-3e17-5662-fd93-65077baab850}"
EndProject
Project("{FAE04EC0-301F-11D3-BF4B-00C04F79EFBC}") = "UnityEditor.UI", "UnityEditor.UI.csproj", "{3c0c17cd-2c69-58f7-e456-084aac0ae202}"
EndProject
Project("{FAE04EC0-301F-11D3-BF4B-00C04F79EFBC}") = "Unity.TestTools.CodeCoverage.Editor.OpenCover.Model", "Unity.TestTools.CodeCoverage.Editor.OpenCover.Model.csproj", "{810a4458-c04a-5d0f-1085-894e54fe7b67}"
EndProject
Project("{FAE04EC0-301F-11D3-BF4B-00C04F79EFBC}") = "Unity.EditorCoroutines.Editor", "Unity.EditorCoroutines.Editor.csproj", "{44c7b096-07c4-2a63-622c-501092e63a04}"
EndProject
Project("{FAE04EC0-301F-11D3-BF4B-00C04F79EFBC}") = "Unity.Settings.Editor", "Unity.Settings.Editor.csproj", "{4337f901-17b2-8634-ca51-1ad8f89261bd}"
EndProject
Project("{FAE04EC0-301F-11D3-BF4B-00C04F79EFBC}") = "Unity.Services.Core.Configuration.Editor", "Unity.Services.Core.Configuration.Editor.csproj", "{d0b16273-67d9-6f6e-28ad-d0d8e8899367}"
EndProject
Project("{FAE04EC0-301F-11D3-BF4B-00C04F79EFBC}") = "Unity.TestTools.CodeCoverage.Editor.OpenCover.Mono.Reflection", "Unity.TestTools.CodeCoverage.Editor.OpenCover.Mono.Reflection.csproj", "{abd5cd3b-398e-02b9-b367-bd7cfefb2031}"
EndProject
Project("{FAE04EC0-301F-11D3-BF4B-00C04F79EFBC}") = "Unity.VisualScripting.Shared.Editor", "Unity.VisualScripting.Shared.Editor.csproj", "{93412317-fbbd-1d6c-f47a-7889ea380370}"
EndProject
Global
	GlobalSection(SolutionConfigurationPlatforms) = preSolution
		Debug|Any CPU = Debug|Any CPU
	EndGlobalSection
	GlobalSection(ProjectConfigurationPlatforms) = postSolution
		{ba52988f-2911-bbb9-4f34-b07877c837ec}.Debug|Any CPU.ActiveCfg = Debug|Any CPU
		{ba52988f-2911-bbb9-4f34-b07877c837ec}.Debug|Any CPU.Build.0 = Debug|Any CPU
		{3bcdc2b2-fef3-7dd9-30b9-df2ffa922965}.Debug|Any CPU.ActiveCfg = Debug|Any CPU
		{3bcdc2b2-fef3-7dd9-30b9-df2ffa922965}.Debug|Any CPU.Build.0 = Debug|Any CPU
		{5ce40b4b-e2a6-ae6f-7d79-4d60673c441c}.Debug|Any CPU.ActiveCfg = Debug|Any CPU
		{5ce40b4b-e2a6-ae6f-7d79-4d60673c441c}.Debug|Any CPU.Build.0 = Debug|Any CPU
		{4a0e889d-310b-6334-1d78-f9d21e0c1bca}.Debug|Any CPU.ActiveCfg = Debug|Any CPU
		{4a0e889d-310b-6334-1d78-f9d21e0c1bca}.Debug|Any CPU.Build.0 = Debug|Any CPU
		{a45e5884-7cd1-f0ed-ef7c-5c61cb923609}.Debug|Any CPU.ActiveCfg = Debug|Any CPU
		{a45e5884-7cd1-f0ed-ef7c-5c61cb923609}.Debug|Any CPU.Build.0 = Debug|Any CPU
		{65faa013-bed5-e231-3417-c82277ae25a6}.Debug|Any CPU.ActiveCfg = Debug|Any CPU
		{65faa013-bed5-e231-3417-c82277ae25a6}.Debug|Any CPU.Build.0 = Debug|Any CPU
		{bc9114da-ce14-afaf-8a70-c7c90aa259ad}.Debug|Any CPU.ActiveCfg = Debug|Any CPU
		{bc9114da-ce14-afaf-8a70-c7c90aa259ad}.Debug|Any CPU.Build.0 = Debug|Any CPU
		{65500c79-39e8-f95f-1559-cd4c91012958}.Debug|Any CPU.ActiveCfg = Debug|Any CPU
		{65500c79-39e8-f95f-1559-cd4c91012958}.Debug|Any CPU.Build.0 = Debug|Any CPU
		{c7d34c3e-31c8-f18d-680c-48c7b73fcc32}.Debug|Any CPU.ActiveCfg = Debug|Any CPU
		{c7d34c3e-31c8-f18d-680c-48c7b73fcc32}.Debug|Any CPU.Build.0 = Debug|Any CPU
		{cccbd86c-4c47-64a0-0421-b2dea47c6588}.Debug|Any CPU.ActiveCfg = Debug|Any CPU
		{cccbd86c-4c47-64a0-0421-b2dea47c6588}.Debug|Any CPU.Build.0 = Debug|Any CPU
		{17af8695-2a62-ac38-6933-755b28982d03}.Debug|Any CPU.ActiveCfg = Debug|Any CPU
		{17af8695-2a62-ac38-6933-755b28982d03}.Debug|Any CPU.Build.0 = Debug|Any CPU
		{433867ce-5bcb-3209-2a81-08097ec00971}.Debug|Any CPU.ActiveCfg = Debug|Any CPU
		{433867ce-5bcb-3209-2a81-08097ec00971}.Debug|Any CPU.Build.0 = Debug|Any CPU
		{8cbe7ec9-c1dd-2c1e-96ee-5d00f86a28f1}.Debug|Any CPU.ActiveCfg = Debug|Any CPU
		{8cbe7ec9-c1dd-2c1e-96ee-5d00f86a28f1}.Debug|Any CPU.Build.0 = Debug|Any CPU
		{1166ed63-557e-cb21-9a46-7bcd0f89fd6b}.Debug|Any CPU.ActiveCfg = Debug|Any CPU
		{1166ed63-557e-cb21-9a46-7bcd0f89fd6b}.Debug|Any CPU.Build.0 = Debug|Any CPU
		{d157aa71-ba77-d317-9a5c-dec635938f29}.Debug|Any CPU.ActiveCfg = Debug|Any CPU
		{d157aa71-ba77-d317-9a5c-dec635938f29}.Debug|Any CPU.Build.0 = Debug|Any CPU
		{a2f8401f-4d3e-f264-7acc-da6f41aff45e}.Debug|Any CPU.ActiveCfg = Debug|Any CPU
		{a2f8401f-4d3e-f264-7acc-da6f41aff45e}.Debug|Any CPU.Build.0 = Debug|Any CPU
		{24b76e9b-19fc-bc80-5aac-507376f30d1c}.Debug|Any CPU.ActiveCfg = Debug|Any CPU
		{24b76e9b-19fc-bc80-5aac-507376f30d1c}.Debug|Any CPU.Build.0 = Debug|Any CPU
		{26ac6619-ff89-809a-a98c-b19840f9fc94}.Debug|Any CPU.ActiveCfg = Debug|Any CPU
		{26ac6619-ff89-809a-a98c-b19840f9fc94}.Debug|Any CPU.Build.0 = Debug|Any CPU
		{268d73a1-612e-cd51-0bee-4a159c03045e}.Debug|Any CPU.ActiveCfg = Debug|Any CPU
		{268d73a1-612e-cd51-0bee-4a159c03045e}.Debug|Any CPU.Build.0 = Debug|Any CPU
		{5e0d3368-e11e-24c6-4f59-59037afb92fa}.Debug|Any CPU.ActiveCfg = Debug|Any CPU
		{5e0d3368-e11e-24c6-4f59-59037afb92fa}.Debug|Any CPU.Build.0 = Debug|Any CPU
		{b7f45d0d-e467-2b41-3d4c-612cebc0fb46}.Debug|Any CPU.ActiveCfg = Debug|Any CPU
		{b7f45d0d-e467-2b41-3d4c-612cebc0fb46}.Debug|Any CPU.Build.0 = Debug|Any CPU
		{c674d095-5835-0f18-5788-e148c93b1e42}.Debug|Any CPU.ActiveCfg = Debug|Any CPU
		{c674d095-5835-0f18-5788-e148c93b1e42}.Debug|Any CPU.Build.0 = Debug|Any CPU
		{c2a3f64a-e410-8399-7b78-dfaca836363f}.Debug|Any CPU.ActiveCfg = Debug|Any CPU
		{c2a3f64a-e410-8399-7b78-dfaca836363f}.Debug|Any CPU.Build.0 = Debug|Any CPU
		{1b0b1c56-9d24-f4b0-cc87-88453bd8ad76}.Debug|Any CPU.ActiveCfg = Debug|Any CPU
		{1b0b1c56-9d24-f4b0-cc87-88453bd8ad76}.Debug|Any CPU.Build.0 = Debug|Any CPU
		{b3bd7864-59c2-87df-23b0-d889f2be26de}.Debug|Any CPU.ActiveCfg = Debug|Any CPU
		{b3bd7864-59c2-87df-23b0-d889f2be26de}.Debug|Any CPU.Build.0 = Debug|Any CPU
		{6ec22db0-5ad8-b2f8-e685-8525e7c09626}.Debug|Any CPU.ActiveCfg = Debug|Any CPU
		{6ec22db0-5ad8-b2f8-e685-8525e7c09626}.Debug|Any CPU.Build.0 = Debug|Any CPU
		{35dd13b6-b099-3f44-dd3d-90add7456fa4}.Debug|Any CPU.ActiveCfg = Debug|Any CPU
		{35dd13b6-b099-3f44-dd3d-90add7456fa4}.Debug|Any CPU.Build.0 = Debug|Any CPU
		{c5239a3b-77ac-accf-0b57-c762eeec91b5}.Debug|Any CPU.ActiveCfg = Debug|Any CPU
		{c5239a3b-77ac-accf-0b57-c762eeec91b5}.Debug|Any CPU.Build.0 = Debug|Any CPU
		{512e0a28-6b86-e1b8-3523-9c75c25ef4f5}.Debug|Any CPU.ActiveCfg = Debug|Any CPU
		{512e0a28-6b86-e1b8-3523-9c75c25ef4f5}.Debug|Any CPU.Build.0 = Debug|Any CPU
		{f07bb6f6-b76b-5325-5d6e-24c541a1e706}.Debug|Any CPU.ActiveCfg = Debug|Any CPU
		{f07bb6f6-b76b-5325-5d6e-24c541a1e706}.Debug|Any CPU.Build.0 = Debug|Any CPU
		{7e2a02f5-63c0-aa4b-6211-3e7723009cb8}.Debug|Any CPU.ActiveCfg = Debug|Any CPU
		{7e2a02f5-63c0-aa4b-6211-3e7723009cb8}.Debug|Any CPU.Build.0 = Debug|Any CPU
		{af3e1a73-953a-7a68-6ace-39696253b5fc}.Debug|Any CPU.ActiveCfg = Debug|Any CPU
		{af3e1a73-953a-7a68-6ace-39696253b5fc}.Debug|Any CPU.Build.0 = Debug|Any CPU
		{f7f06c51-afd7-c2fa-0407-7b5cc383eb3f}.Debug|Any CPU.ActiveCfg = Debug|Any CPU
		{f7f06c51-afd7-c2fa-0407-7b5cc383eb3f}.Debug|Any CPU.Build.0 = Debug|Any CPU
		{9e148c30-2f9f-af2c-ad84-99e29c29959a}.Debug|Any CPU.ActiveCfg = Debug|Any CPU
		{9e148c30-2f9f-af2c-ad84-99e29c29959a}.Debug|Any CPU.Build.0 = Debug|Any CPU
		{6992cd03-2f61-5253-70d9-10767d7898cd}.Debug|Any CPU.ActiveCfg = Debug|Any CPU
		{6992cd03-2f61-5253-70d9-10767d7898cd}.Debug|Any CPU.Build.0 = Debug|Any CPU
		{c5c6c00a-cfd8-0d79-0eea-fc8ef9baba06}.Debug|Any CPU.ActiveCfg = Debug|Any CPU
		{c5c6c00a-cfd8-0d79-0eea-fc8ef9baba06}.Debug|Any CPU.Build.0 = Debug|Any CPU
		{5fde2724-3e17-5662-fd93-65077baab850}.Debug|Any CPU.ActiveCfg = Debug|Any CPU
		{5fde2724-3e17-5662-fd93-65077baab850}.Debug|Any CPU.Build.0 = Debug|Any CPU
		{3c0c17cd-2c69-58f7-e456-084aac0ae202}.Debug|Any CPU.ActiveCfg = Debug|Any CPU
		{3c0c17cd-2c69-58f7-e456-084aac0ae202}.Debug|Any CPU.Build.0 = Debug|Any CPU
		{810a4458-c04a-5d0f-1085-894e54fe7b67}.Debug|Any CPU.ActiveCfg = Debug|Any CPU
		{810a4458-c04a-5d0f-1085-894e54fe7b67}.Debug|Any CPU.Build.0 = Debug|Any CPU
		{44c7b096-07c4-2a63-622c-501092e63a04}.Debug|Any CPU.ActiveCfg = Debug|Any CPU
		{44c7b096-07c4-2a63-622c-501092e63a04}.Debug|Any CPU.Build.0 = Debug|Any CPU
		{4337f901-17b2-8634-ca51-1ad8f89261bd}.Debug|Any CPU.ActiveCfg = Debug|Any CPU
		{4337f901-17b2-8634-ca51-1ad8f89261bd}.Debug|Any CPU.Build.0 = Debug|Any CPU
		{d0b16273-67d9-6f6e-28ad-d0d8e8899367}.Debug|Any CPU.ActiveCfg = Debug|Any CPU
		{d0b16273-67d9-6f6e-28ad-d0d8e8899367}.Debug|Any CPU.Build.0 = Debug|Any CPU
		{abd5cd3b-398e-02b9-b367-bd7cfefb2031}.Debug|Any CPU.ActiveCfg = Debug|Any CPU
		{abd5cd3b-398e-02b9-b367-bd7cfefb2031}.Debug|Any CPU.Build.0 = Debug|Any CPU
		{93412317-fbbd-1d6c-f47a-7889ea380370}.Debug|Any CPU.ActiveCfg = Debug|Any CPU
		{93412317-fbbd-1d6c-f47a-7889ea380370}.Debug|Any CPU.Build.0 = Debug|Any CPU
	EndGlobalSection
	GlobalSection(SolutionProperties) = preSolution
		HideSolutionNode = FALSE
	EndGlobalSection
EndGlobal
